// !$*UTF8*$!
{
	archiveVersion = 1;
	classes = {
	};
	objectVersion = 55;
	objects = {

/* Begin PBXBuildFile section */
		BD06FF92286A015700FC4B0F /* AppDelegate.swift in Sources */ = {isa = PBXBuildFile; fileRef = BD06FF91286A015700FC4B0F /* AppDelegate.swift */; };
		BD06FF94286A015700FC4B0F /* SceneDelegate.swift in Sources */ = {isa = PBXBuildFile; fileRef = BD06FF93286A015700FC4B0F /* SceneDelegate.swift */; };
		BD06FF99286A015700FC4B0F /* Main.storyboard in Resources */ = {isa = PBXBuildFile; fileRef = BD06FF97286A015700FC4B0F /* Main.storyboard */; };
		BD06FF9C286A015700FC4B0F /* toDoListkwk2022.xcdatamodeld in Sources */ = {isa = PBXBuildFile; fileRef = BD06FF9A286A015700FC4B0F /* toDoListkwk2022.xcdatamodeld */; };
		BD06FF9E286A015900FC4B0F /* Assets.xcassets in Resources */ = {isa = PBXBuildFile; fileRef = BD06FF9D286A015900FC4B0F /* Assets.xcassets */; };
		BD06FFA1286A015900FC4B0F /* LaunchScreen.storyboard in Resources */ = {isa = PBXBuildFile; fileRef = BD06FF9F286A015900FC4B0F /* LaunchScreen.storyboard */; };
		BD06FFA9286A047200FC4B0F /* To-Do Table View Controller.swift in Sources */ = {isa = PBXBuildFile; fileRef = BD06FFA8286A047200FC4B0F /* To-Do Table View Controller.swift */; };
		BD06FFAB286A538100FC4B0F /* ToDo.swift in Sources */ = {isa = PBXBuildFile; fileRef = BD06FFAA286A538100FC4B0F /* ToDo.swift */; };
/* End PBXBuildFile section */

/* Begin PBXFileReference section */
		BD06FF8E286A015700FC4B0F /* toDoListkwk2022.app */ = {isa = PBXFileReference; explicitFileType = wrapper.application; includeInIndex = 0; path = toDoListkwk2022.app; sourceTree = BUILT_PRODUCTS_DIR; };
		BD06FF91286A015700FC4B0F /* AppDelegate.swift */ = {isa = PBXFileReference; lastKnownFileType = sourcecode.swift; path = AppDelegate.swift; sourceTree = "<group>"; };
		BD06FF93286A015700FC4B0F /* SceneDelegate.swift */ = {isa = PBXFileReference; lastKnownFileType = sourcecode.swift; path = SceneDelegate.swift; sourceTree = "<group>"; };
		BD06FF98286A015700FC4B0F /* Base */ = {isa = PBXFileReference; lastKnownFileType = file.storyboard; name = Base; path = Base.lproj/Main.storyboard; sourceTree = "<group>"; };
		BD06FF9B286A015700FC4B0F /* toDoListkwk2022.xcdatamodel */ = {isa = PBXFileReference; lastKnownFileType = wrapper.xcdatamodel; path = toDoListkwk2022.xcdatamodel; sourceTree = "<group>"; };
		BD06FF9D286A015900FC4B0F /* Assets.xcassets */ = {isa = PBXFileReference; lastKnownFileType = folder.assetcatalog; path = Assets.xcassets; sourceTree = "<group>"; };
		BD06FFA0286A015900FC4B0F /* Base */ = {isa = PBXFileReference; lastKnownFileType = file.storyboard; name = Base; path = Base.lproj/LaunchScreen.storyboard; sourceTree = "<group>"; };
		BD06FFA2286A015900FC4B0F /* Info.plist */ = {isa = PBXFileReference; lastKnownFileType = text.plist.xml; path = Info.plist; sourceTree = "<group>"; };
		BD06FFA8286A047200FC4B0F /* To-Do Table View Controller.swift */ = {isa = PBXFileReference; lastKnownFileType = sourcecode.swift; path = "To-Do Table View Controller.swift"; sourceTree = "<group>"; };
		BD06FFAA286A538100FC4B0F /* ToDo.swift */ = {isa = PBXFileReference; lastKnownFileType = sourcecode.swift; path = ToDo.swift; sourceTree = "<group>"; };
/* End PBXFileReference section */

/* Begin PBXFrameworksBuildPhase section */
		BD06FF8B286A015700FC4B0F /* Frameworks */ = {
			isa = PBXFrameworksBuildPhase;
			buildActionMask = 2147483647;
			files = (
			);
			runOnlyForDeploymentPostprocessing = 0;
		};
/* End PBXFrameworksBuildPhase section */

/* Begin PBXGroup section */
		BD06FF85286A015700FC4B0F = {
			isa = PBXGroup;
			children = (
				BD06FFA8286A047200FC4B0F /* To-Do Table View Controller.swift */,
				BD06FF90286A015700FC4B0F /* toDoListkwk2022 */,
				BD06FF8F286A015700FC4B0F /* Products */,
			);
			sourceTree = "<group>";
		};
		BD06FF8F286A015700FC4B0F /* Products */ = {
			isa = PBXGroup;
			children = (
				BD06FF8E286A015700FC4B0F /* toDoListkwk2022.app */,
			);
			name = Products;
			sourceTree = "<group>";
		};
		BD06FF90286A015700FC4B0F /* toDoListkwk2022 */ = {
			isa = PBXGroup;
			children = (
				BD06FF91286A015700FC4B0F /* AppDelegate.swift */,
				BD06FF93286A015700FC4B0F /* SceneDelegate.swift */,
				BD06FF97286A015700FC4B0F /* Main.storyboard */,
				BD06FF9D286A015900FC4B0F /* Assets.xcassets */,
				BD06FF9F286A015900FC4B0F /* LaunchScreen.storyboard */,
				BD06FFA2286A015900FC4B0F /* Info.plist */,
				BD06FF9A286A015700FC4B0F /* toDoListkwk2022.xcdatamodeld */,
				BD06FFAA286A538100FC4B0F /* ToDo.swift */,
			);
			path = toDoListkwk2022;
			sourceTree = "<group>";
		};
/* End PBXGroup section */

/* Begin PBXNativeTarget section */
		BD06FF8D286A015700FC4B0F /* toDoListkwk2022 */ = {
			isa = PBXNativeTarget;
			buildConfigurationList = BD06FFA5286A015900FC4B0F /* Build configuration list for PBXNativeTarget "toDoListkwk2022" */;
			buildPhases = (
				BD06FF8A286A015700FC4B0F /* Sources */,
				BD06FF8B286A015700FC4B0F /* Frameworks */,
				BD06FF8C286A015700FC4B0F /* Resources */,
			);
			buildRules = (
			);
			dependencies = (
			);
			name = toDoListkwk2022;
			productName = toDoListkwk2022;
			productReference = BD06FF8E286A015700FC4B0F /* toDoListkwk2022.app */;
			productType = "com.apple.product-type.application";
		};
/* End PBXNativeTarget section */

/* Begin PBXProject section */
		BD06FF86286A015700FC4B0F /* Project object */ = {
			isa = PBXProject;
			attributes = {
				BuildIndependentTargetsInParallel = 1;
				LastSwiftUpdateCheck = 1340;
				LastUpgradeCheck = 1340;
				TargetAttributes = {
					BD06FF8D286A015700FC4B0F = {
						CreatedOnToolsVersion = 13.4.1;
					};
				};
			};
			buildConfigurationList = BD06FF89286A015700FC4B0F /* Build configuration list for PBXProject "toDoListkwk2022" */;
			compatibilityVersion = "Xcode 13.0";
			developmentRegion = en;
			hasScannedForEncodings = 0;
			knownRegions = (
				en,
				Base,
			);
			mainGroup = BD06FF85286A015700FC4B0F;
			productRefGroup = BD06FF8F286A015700FC4B0F /* Products */;
			projectDirPath = "";
			projectRoot = "";
			targets = (
				BD06FF8D286A015700FC4B0F /* toDoListkwk2022 */,
			);
		};
/* End PBXProject section */

/* Begin PBXResourcesBuildPhase section */
		BD06FF8C286A015700FC4B0F /* Resources */ = {
			isa = PBXResourcesBuildPhase;
			buildActionMask = 2147483647;
			files = (
				BD06FFA1286A015900FC4B0F /* LaunchScreen.storyboard in Resources */,
				BD06FF9E286A015900FC4B0F /* Assets.xcassets in Resources */,
				BD06FF99286A015700FC4B0F /* Main.storyboard in Resources */,
			);
			runOnlyForDeploymentPostprocessing = 0;
		};
/* End PBXResourcesBuildPhase section */

/* Begin PBXSourcesBuildPhase section */
		BD06FF8A286A015700FC4B0F /* Sources */ = {
			isa = PBXSourcesBuildPhase;
			buildActionMask = 2147483647;
			files = (
				BD06FF9C286A015700FC4B0F /* toDoListkwk2022.xcdatamodeld in Sources */,
				BD06FF92286A015700FC4B0F /* AppDelegate.swift in Sources */,
				BD06FFA9286A047200FC4B0F /* To-Do Table View Controller.swift in Sources */,
				BD06FF94286A015700FC4B0F /* SceneDelegate.swift in Sources */,
				BD06FFAB286A538100FC4B0F /* ToDo.swift in Sources */,
			);
			runOnlyForDeploymentPostprocessing = 0;
		};
/* End PBXSourcesBuildPhase section */

/* Begin PBXVariantGroup section */
		BD06FF97286A015700FC4B0F /* Main.storyboard */ = {
			isa = PBXVariantGroup;
			children = (
				BD06FF98286A015700FC4B0F /* Base */,
			);
			name = Main.storyboard;
			sourceTree = "<group>";
		};
		BD06FF9F286A015900FC4B0F /* LaunchScreen.storyboard */ = {
			isa = PBXVariantGroup;
			children = (
				BD06FFA0286A015900FC4B0F /* Base */,
			);
			name = LaunchScreen.storyboard;
			sourceTree = "<group>";
		};
/* End PBXVariantGroup section */

/* Begin XCBuildConfiguration section */
		BD06FFA3286A015900FC4B0F /* Debug */ = {
			isa = XCBuildConfiguration;
			buildSettings = {
				ALWAYS_SEARCH_USER_PATHS = NO;
				CLANG_ANALYZER_NONNULL = YES;
				CLANG_ANALYZER_NUMBER_OBJECT_CONVERSION = YES_AGGRESSIVE;
				CLANG_CXX_LANGUAGE_STANDARD = "gnu++17";
				CLANG_ENABLE_MODULES = YES;
				CLANG_ENABLE_OBJC_ARC = YES;
				CLANG_ENABLE_OBJC_WEAK = YES;
				CLANG_WARN_BLOCK_CAPTURE_AUTORELEASING = YES;
				CLANG_WARN_BOOL_CONVERSION = YES;
				CLANG_WARN_COMMA = YES;
				CLANG_WARN_CONSTANT_CONVERSION = YES;
				CLANG_WARN_DEPRECATED_OBJC_IMPLEMENTATIONS = YES;
				CLANG_WARN_DIRECT_OBJC_ISA_USAGE = YES_ERROR;
				CLANG_WARN_DOCUMENTATION_COMMENTS = YES;
				CLANG_WARN_EMPTY_BODY = YES;
				CLANG_WARN_ENUM_CONVERSION = YES;
				CLANG_WARN_INFINITE_RECURSION = YES;
				CLANG_WARN_INT_CONVERSION = YES;
				CLANG_WARN_NON_LITERAL_NULL_CONVERSION = YES;
				CLANG_WARN_OBJC_IMPLICIT_RETAIN_SELF = YES;
				CLANG_WARN_OBJC_LITERAL_CONVERSION = YES;
				CLANG_WARN_OBJC_ROOT_CLASS = YES_ERROR;
				CLANG_WARN_QUOTED_INCLUDE_IN_FRAMEWORK_HEADER = YES;
				CLANG_WARN_RANGE_LOOP_ANALYSIS = YES;
				CLANG_WARN_STRICT_PROTOTYPES = YES;
				CLANG_WARN_SUSPICIOUS_MOVE = YES;
				CLANG_WARN_UNGUARDED_AVAILABILITY = YES_AGGRESSIVE;
				CLANG_WARN_UNREACHABLE_CODE = YES;
				CLANG_WARN__DUPLICATE_METHOD_MATCH = YES;
				COPY_PHASE_STRIP = NO;
				DEBUG_INFORMATION_FORMAT = dwarf;
				ENABLE_STRICT_OBJC_MSGSEND = YES;
				ENABLE_TESTABILITY = YES;
				GCC_C_LANGUAGE_STANDARD = gnu11;
				GCC_DYNAMIC_NO_PIC = NO;
				GCC_NO_COMMON_BLOCKS = YES;
				GCC_OPTIMIZATION_LEVEL = 0;
				GCC_PREPROCESSOR_DEFINITIONS = (
					"DEBUG=1",
					"$(inherited)",
				);
				GCC_WARN_64_TO_32_BIT_CONVERSION = YES;
				GCC_WARN_ABOUT_RETURN_TYPE = YES_ERROR;
				GCC_WARN_UNDECLARED_SELECTOR = YES;
				GCC_WARN_UNINITIALIZED_AUTOS = YES_AGGRESSIVE;
				GCC_WARN_UNUSED_FUNCTION = YES;
				GCC_WARN_UNUSED_VARIABLE = YES;
				IPHONEOS_DEPLOYMENT_TARGET = 15.5;
				MTL_ENABLE_DEBUG_INFO = INCLUDE_SOURCE;
				MTL_FAST_MATH = YES;
				ONLY_ACTIVE_ARCH = YES;
				SDKROOT = iphoneos;
				SWIFT_ACTIVE_COMPILATION_CONDITIONS = DEBUG;
				SWIFT_OPTIMIZATION_LEVEL = "-Onone";
			};
			name = Debug;
		};
		BD06FFA4286A015900FC4B0F /* Release */ = {
			isa = XCBuildConfiguration;
			buildSettings = {
				ALWAYS_SEARCH_USER_PATHS = NO;
				CLANG_ANALYZER_NONNULL = YES;
				CLANG_ANALYZER_NUMBER_OBJECT_CONVERSION = YES_AGGRESSIVE;
				CLANG_CXX_LANGUAGE_STANDARD = "gnu++17";
				CLANG_ENABLE_MODULES = YES;
				CLANG_ENABLE_OBJC_ARC = YES;
				CLANG_ENABLE_OBJC_WEAK = YES;
				CLANG_WARN_BLOCK_CAPTURE_AUTORELEASING = YES;
				CLANG_WARN_BOOL_CONVERSION = YES;
				CLANG_WARN_COMMA = YES;
				CLANG_WARN_CONSTANT_CONVERSION = YES;
				CLANG_WARN_DEPRECATED_OBJC_IMPLEMENTATIONS = YES;
				CLANG_WARN_DIRECT_OBJC_ISA_USAGE = YES_ERROR;
				CLANG_WARN_DOCUMENTATION_COMMENTS = YES;
				CLANG_WARN_EMPTY_BODY = YES;
				CLANG_WARN_ENUM_CONVERSION = YES;
				CLANG_WARN_INFINITE_RECURSION = YES;
				CLANG_WARN_INT_CONVERSION = YES;
				CLANG_WARN_NON_LITERAL_NULL_CONVERSION = YES;
				CLANG_WARN_OBJC_IMPLICIT_RETAIN_SELF = YES;
				CLANG_WARN_OBJC_LITERAL_CONVERSION = YES;
				CLANG_WARN_OBJC_ROOT_CLASS = YES_ERROR;
				CLANG_WARN_QUOTED_INCLUDE_IN_FRAMEWORK_HEADER = YES;
				CLANG_WARN_RANGE_LOOP_ANALYSIS = YES;
				CLANG_WARN_STRICT_PROTOTYPES = YES;
				CLANG_WARN_SUSPICIOUS_MOVE = YES;
				CLANG_WARN_UNGUARDED_AVAILABILITY = YES_AGGRESSIVE;
				CLANG_WARN_UNREACHABLE_CODE = YES;
				CLANG_WARN__DUPLICATE_METHOD_MATCH = YES;
				COPY_PHASE_STRIP = NO;
				DEBUG_INFORMATION_FORMAT = "dwarf-with-dsym";
				ENABLE_NS_ASSERTIONS = NO;
				ENABLE_STRICT_OBJC_MSGSEND = YES;
				GCC_C_LANGUAGE_STANDARD = gnu11;
				GCC_NO_COMMON_BLOCKS = YES;
				GCC_WARN_64_TO_32_BIT_CONVERSION = YES;
				GCC_WARN_ABOUT_RETURN_TYPE = YES_ERROR;
				GCC_WARN_UNDECLARED_SELECTOR = YES;
				GCC_WARN_UNINITIALIZED_AUTOS = YES_AGGRESSIVE;
				GCC_WARN_UNUSED_FUNCTION = YES;
				GCC_WARN_UNUSED_VARIABLE = YES;
				IPHONEOS_DEPLOYMENT_TARGET = 15.5;
				MTL_ENABLE_DEBUG_INFO = NO;
				MTL_FAST_MATH = YES;
				SDKROOT = iphoneos;
				SWIFT_COMPILATION_MODE = wholemodule;
				SWIFT_OPTIMIZATION_LEVEL = "-O";
				VALIDATE_PRODUCT = YES;
			};
			name = Release;
		};
		BD06FFA6286A015900FC4B0F /* Debug */ = {
			isa = XCBuildConfiguration;
			buildSettings = {
				ASSETCATALOG_COMPILER_APPICON_NAME = AppIcon;
				ASSETCATALOG_COMPILER_GLOBAL_ACCENT_COLOR_NAME = AccentColor;
				CODE_SIGN_STYLE = Automatic;
				CURRENT_PROJECT_VERSION = 1;
				GENERATE_INFOPLIST_FILE = YES;
				INFOPLIST_FILE = toDoListkwk2022/Info.plist;
				INFOPLIST_KEY_UIApplicationSupportsIndirectInputEvents = YES;
				INFOPLIST_KEY_UILaunchStoryboardName = LaunchScreen;
				INFOPLIST_KEY_UIMainStoryboardFile = Main;
				INFOPLIST_KEY_UISupportedInterfaceOrientations_iPad = "UIInterfaceOrientationPortrait UIInterfaceOrientationPortraitUpsideDown UIInterfaceOrientationLandscapeLeft UIInterfaceOrientationLandscapeRight";
				INFOPLIST_KEY_UISupportedInterfaceOrientations_iPhone = "UIInterfaceOrientationPortrait UIInterfaceOrientationLandscapeLeft UIInterfaceOrientationLandscapeRight";
				LD_RUNPATH_SEARCH_PATHS = (
					"$(inherited)",
					"@executable_path/Frameworks",
				);
				MARKETING_VERSION = 1.0;
				PRODUCT_BUNDLE_IDENTIFIER = sample.toDoListkwk2022;
				PRODUCT_NAME = "$(TARGET_NAME)";
				SWIFT_EMIT_LOC_STRINGS = YES;
				SWIFT_VERSION = 5.0;
				TARGETED_DEVICE_FAMILY = "1,2";
			};
			name = Debug;
		};
		BD06FFA7286A015900FC4B0F /* Release */ = {
			isa = XCBuildConfiguration;
			buildSettings = {
				ASSETCATALOG_COMPILER_APPICON_NAME = AppIcon;
				ASSETCATALOG_COMPILER_GLOBAL_ACCENT_COLOR_NAME = AccentColor;
				CODE_SIGN_STYLE = Automatic;
				CURRENT_PROJECT_VERSION = 1;
				GENERATE_INFOPLIST_FILE = YES;
				INFOPLIST_FILE = toDoListkwk2022/Info.plist;
				INFOPLIST_KEY_UIApplicationSupportsIndirectInputEvents = YES;
				INFOPLIST_KEY_UILaunchStoryboardName = LaunchScreen;
				INFOPLIST_KEY_UIMainStoryboardFile = Main;
				INFOPLIST_KEY_UISupportedInterfaceOrientations_iPad = "UIInterfaceOrientationPortrait UIInterfaceOrientationPortraitUpsideDown UIInterfaceOrientationLandscapeLeft UIInterfaceOrientationLandscapeRight";
				INFOPLIST_KEY_UISupportedInterfaceOrientations_iPhone = "UIInterfaceOrientationPortrait UIInterfaceOrientationLandscapeLeft UIInterfaceOrientationLandscapeRight";
				LD_RUNPATH_SEARCH_PATHS = (
					"$(inherited)",
					"@executable_path/Frameworks",
				);
				MARKETING_VERSION = 1.0;
				PRODUCT_BUNDLE_IDENTIFIER = sample.toDoListkwk2022;
				PRODUCT_NAME = "$(TARGET_NAME)";
				SWIFT_EMIT_LOC_STRINGS = YES;
				SWIFT_VERSION = 5.0;
				TARGETED_DEVICE_FAMILY = "1,2";
			};
			name = Release;
		};
/* End XCBuildConfiguration section */

/* Begin XCConfigurationList section */
		BD06FF89286A015700FC4B0F /* Build configuration list for PBXProject "toDoListkwk2022" */ = {
			isa = XCConfigurationList;
			buildConfigurations = (
				BD06FFA3286A015900FC4B0F /* Debug */,
				BD06FFA4286A015900FC4B0F /* Release */,
			);
			defaultConfigurationIsVisible = 0;
			defaultConfigurationName = Release;
		};
		BD06FFA5286A015900FC4B0F /* Build configuration list for PBXNativeTarget "toDoListkwk2022" */ = {
			isa = XCConfigurationList;
			buildConfigurations = (
				BD06FFA6286A015900FC4B0F /* Debug */,
				BD06FFA7286A015900FC4B0F /* Release */,
			);
			defaultConfigurationIsVisible = 0;
			defaultConfigurationName = Release;
		};
/* End XCConfigurationList section */

/* Begin XCVersionGroup section */
		BD06FF9A286A015700FC4B0F /* toDoListkwk2022.xcdatamodeld */ = {
			isa = XCVersionGroup;
			children = (
				BD06FF9B286A015700FC4B0F /* toDoListkwk2022.xcdatamodel */,
			);
			currentVersion = BD06FF9B286A015700FC4B0F /* toDoListkwk2022.xcdatamodel */;
			path = toDoListkwk2022.xcdatamodeld;
			sourceTree = "<group>";
			versionGroupType = wrapper.xcdatamodel;
		};
/* End XCVersionGroup section */
	};
	rootObject = BD06FF86286A015700FC4B0F /* Project object */;
}
